<?xml version="1.0" encoding="utf-8"?>
<Project ToolsVersion="4.0" xmlns="http://schemas.microsoft.com/developer/msbuild/2003">
  <ItemGroup>
    <ClCompile Include="src\Bullet.cpp" />
    <ClCompile Include="src\CreditsScene.cpp" />
    <ClCompile Include="src\Door.cpp" />
    <ClCompile Include="src\Enemy.cpp" />
    <ClCompile Include="src\Entity.cpp" />
    <ClCompile Include="src\Follower.cpp" />
    <ClCompile Include="src\Key.cpp" />
    <ClCompile Include="src\Game.cpp" />
    <ClCompile Include="src\InstructionsScene.cpp" />
    <ClCompile Include="src\LevelScene.cpp" />
    <ClCompile Include="src\main.cpp" />
    <ClCompile Include="src\MenuScene.cpp" />
    <ClCompile Include="src\Patroller.cpp" />
    <ClCompile Include="src\Player.cpp" />
    <ClCompile Include="src\Scene.cpp" />
    <ClCompile Include="src\SFX.cpp" />
    <ClCompile Include="src\Shader.cpp" />
    <ClCompile Include="src\ShaderProgram.cpp" />
    <ClCompile Include="src\Shooter.cpp" />
    <ClCompile Include="src\Sprite.cpp" />
    <ClCompile Include="src\Stairs.cpp" />
    <ClCompile Include="src\Texture.cpp" />
    <ClCompile Include="src\TileMap.cpp" />
    <ClCompile Include="src\BubbleGun.cpp" />
    <ClCompile Include="src\Bomb.cpp" />
    <ClCompile Include="src\Weight.cpp" />
    <ClCompile Include="src\Clock.cpp" />
  </ItemGroup>
  <ItemGroup>
    <ClInclude Include="src\AnimKeyframes.h" />
    <ClInclude Include="src\Bullet.h" />
    <ClInclude Include="src\CreditsScene.h" />
    <ClInclude Include="src\Door.h" />
    <ClInclude Include="src\Enemy.h" />
    <ClInclude Include="src\Entity.h" />
    <ClInclude Include="src\Follower.h" />
    <ClInclude Include="src\Game.h" />
    <ClInclude Include="src\GraphicsConfig.h" />
    <ClInclude Include="src\InstructionsScene.h" />
    <ClInclude Include="src\Key.h" />
    <ClInclude Include="src\LevelScene.h" />
    <ClInclude Include="src\MenuScene.h" />
    <ClInclude Include="src\Patroller.h" />
    <ClInclude Include="src\Player.h" />
    <ClInclude Include="src\Scene.h" />
    <ClInclude Include="src\SFX.h" />
    <ClInclude Include="src\Shader.h" />
    <ClInclude Include="src\ShaderProgram.h" />
    <ClInclude Include="src\Shooter.h" />
    <ClInclude Include="src\Sprite.h" />
    <ClInclude Include="src\Stairs.h" />
    <ClInclude Include="src\Texture.h" />
    <ClInclude Include="src\TileMap.h" />
    <ClInclude Include="src\BubbleGun.h" />
    <ClInclude Include="src\Bomb.h" />
    <ClInclude Include="src\Weight.h" />
    <ClInclude Include="src\Clock.h" />
  </ItemGroup>
  <ItemGroup>
    <None Include=".gitignore" />
    <None Include="dlls\freetype6.dll" />
    <None Include="dlls\glew32.dll" />
    <None Include="INSTRUCTIONS.md" />
  </ItemGroup>
</Project>